
Microsoft Visual Studio Solution File, Format Version 12.00
# Visual Studio Version 17
VisualStudioVersion = 17.6.33801.468
MinimumVisualStudioVersion = 10.0.40219.1
Project("{9A19103F-16F7-4668-BE54-9A1E7A4F7556}") = "小工具集", "小工具集\小工具集.csproj", "{EF024F12-87B2-48B0-B60B-0A8AD5BF1854}"
EndProject
Project("{FAE04EC0-301F-11D3-BF4B-00C04F79EFBC}") = "工具测试", "工具测试\工具测试.csproj", "{793AA46E-884F-4D4D-A82C-C035C8D2CB1C}"
EndProject
Global
	GlobalSection(SolutionConfigurationPlatforms) = preSolution
		Debug|Any CPU = Debug|Any CPU
		Release|Any CPU = Release|Any CPU
	EndGlobalSection
	GlobalSection(ProjectConfigurationPlatforms) = postSolution
		{EF024F12-87B2-48B0-B60B-0A8AD5BF1854}.Debug|Any CPU.ActiveCfg = Debug|Any CPU
		{EF024F12-87B2-48B0-B60B-0A8AD5BF1854}.Debug|Any CPU.Build.0 = Debug|Any CPU
		{EF024F12-87B2-48B0-B60B-0A8AD5BF1854}.Release|Any CPU.ActiveCfg = Release|Any CPU
		{EF024F12-87B2-48B0-B60B-0A8AD5BF1854}.Release|Any CPU.Build.0 = Release|Any CPU
		{793AA46E-884F-4D4D-A82C-C035C8D2CB1C}.Debug|Any CPU.ActiveCfg = Debug|Any CPU
		{793AA46E-884F-4D4D-A82C-C035C8D2CB1C}.Debug|Any CPU.Build.0 = Debug|Any CPU
		{793AA46E-884F-4D4D-A82C-C035C8D2CB1C}.Release|Any CPU.ActiveCfg = Release|Any CPU
		{793AA46E-884F-4D4D-A82C-C035C8D2CB1C}.Release|Any CPU.Build.0 = Release|Any CPU
	EndGlobalSection
	GlobalSection(SolutionProperties) = preSolution
		HideSolutionNode = FALSE
	EndGlobalSection
	GlobalSection(ExtensibilityGlobals) = postSolution
		SolutionGuid = {4D2E571D-B4C9-4AD1-8424-386DDDE5A672}
	EndGlobalSection
EndGlobal
